
Microsoft Visual Studio Solution File, Format Version 12.00
# Visual Studio 15
VisualStudioVersion = 15.0.27703.2042
MinimumVisualStudioVersion = 10.0.40219.1
Project("{FAE04EC0-301F-11D3-BF4B-00C04F79EFBC}") = "Array2", "Array2\Array2.csproj", "{32D27148-DE94-44BE-B550-8505F2305269}"
EndProject
Global
	GlobalSection(SolutionConfigurationPlatforms) = preSolution
		Debug|Any CPU = Debug|Any CPU
		Release|Any CPU = Release|Any CPU
	EndGlobalSection
	GlobalSection(ProjectConfigurationPlatforms) = postSolution
		{32D27148-DE94-44BE-B550-8505F2305269}.Debug|Any CPU.ActiveCfg = Debug|Any CPU
		{32D27148-DE94-44BE-B550-8505F2305269}.Debug|Any CPU.Build.0 = Debug|Any CPU
		{32D27148-DE94-44BE-B550-8505F2305269}.Release|Any CPU.ActiveCfg = Release|Any CPU
		{32D27148-DE94-44BE-B550-8505F2305269}.Release|Any CPU.Build.0 = Release|Any CPU
	EndGlobalSection
	GlobalSection(SolutionProperties) = preSolution
		HideSolutionNode = FALSE
	EndGlobalSection
	GlobalSection(ExtensibilityGlobals) = postSolution
		SolutionGuid = {88D7D1CE-6497-4BA6-9A04-F14BA52F9C9A}
	EndGlobalSection
EndGlobal
